
Microsoft Visual Studio Solution File, Format Version 12.00
# Visual Studio Version 16
VisualStudioVersion = 16.0.31112.23
MinimumVisualStudioVersion = 10.0.40219.1
Project("{FAE04EC0-301F-11D3-BF4B-00C04F79EFBC}") = "Car", "Car\Car.csproj", "{2745B4C9-00B2-402E-8D29-4C13507124B9}"
EndProject
Global
	GlobalSection(SolutionConfigurationPlatforms) = preSolution
		Debug|Any CPU = Debug|Any CPU
		Release|Any CPU = Release|Any CPU
	EndGlobalSection
	GlobalSection(ProjectConfigurationPlatforms) = postSolution
		{2745B4C9-00B2-402E-8D29-4C13507124B9}.Debug|Any CPU.ActiveCfg = Debug|Any CPU
		{2745B4C9-00B2-402E-8D29-4C13507124B9}.Debug|Any CPU.Build.0 = Debug|Any CPU
		{2745B4C9-00B2-402E-8D29-4C13507124B9}.Release|Any CPU.ActiveCfg = Release|Any CPU
		{2745B4C9-00B2-402E-8D29-4C13507124B9}.Release|Any CPU.Build.0 = Release|Any CPU
	EndGlobalSection
	GlobalSection(SolutionProperties) = preSolution
		HideSolutionNode = FALSE
	EndGlobalSection
	GlobalSection(ExtensibilityGlobals) = postSolution
		SolutionGuid = {23AAA944-EE03-489B-B569-AA03797B19BC}
	EndGlobalSection
EndGlobal
