
Microsoft Visual Studio Solution File, Format Version 12.00
# Visual Studio Version 16
VisualStudioVersion = 16.0.31112.23
MinimumVisualStudioVersion = 10.0.40219.1
Project("{FAE04EC0-301F-11D3-BF4B-00C04F79EFBC}") = "Welcome", "Welcome\Welcome.csproj", "{C84DD18D-0AF2-4885-AA00-47014C483A49}"
EndProject
Global
	GlobalSection(SolutionConfigurationPlatforms) = preSolution
		Debug|Any CPU = Debug|Any CPU
		Release|Any CPU = Release|Any CPU
	EndGlobalSection
	GlobalSection(ProjectConfigurationPlatforms) = postSolution
		{C84DD18D-0AF2-4885-AA00-47014C483A49}.Debug|Any CPU.ActiveCfg = Debug|Any CPU
		{C84DD18D-0AF2-4885-AA00-47014C483A49}.Debug|Any CPU.Build.0 = Debug|Any CPU
		{C84DD18D-0AF2-4885-AA00-47014C483A49}.Release|Any CPU.ActiveCfg = Release|Any CPU
		{C84DD18D-0AF2-4885-AA00-47014C483A49}.Release|Any CPU.Build.0 = Release|Any CPU
	EndGlobalSection
	GlobalSection(SolutionProperties) = preSolution
		HideSolutionNode = FALSE
	EndGlobalSection
	GlobalSection(ExtensibilityGlobals) = postSolution
		SolutionGuid = {515FB46A-C646-4CC4-8366-0B22AB79AB56}
	EndGlobalSection
EndGlobal
